
Microsoft Visual Studio Solution File, Format Version 12.00
# Visual Studio 15
Project("{FAE04EC0-301F-11D3-BF4B-00C04F79EFBC}") = "Assembly-CSharp", "Assembly-CSharp.csproj", "{249DEF79-E735-CDCC-9659-A00A98F2F154}"
EndProject
Global
	GlobalSection(SolutionConfigurationPlatforms) = preSolution
		Debug|Any CPU = Debug|Any CPU
		Release|Any CPU = Release|Any CPU
	EndGlobalSection
	GlobalSection(ProjectConfigurationPlatforms) = postSolution
		{249DEF79-E735-CDCC-9659-A00A98F2F154}.Debug|Any CPU.ActiveCfg = Debug|Any CPU
		{249DEF79-E735-CDCC-9659-A00A98F2F154}.Debug|Any CPU.Build.0 = Debug|Any CPU
		{249DEF79-E735-CDCC-9659-A00A98F2F154}.Release|Any CPU.ActiveCfg = Release|Any CPU
		{249DEF79-E735-CDCC-9659-A00A98F2F154}.Release|Any CPU.Build.0 = Release|Any CPU
	EndGlobalSection
	GlobalSection(SolutionProperties) = preSolution
		HideSolutionNode = FALSE
	EndGlobalSection
EndGlobal
